lockfileVersion: '9.0'

settings:
  autoInstallPeers: true
  excludeLinksFromLockfile: false

importers:

  .:
    dependencies:
      '@graphql-codegen/plugin-helpers':
        specifier: ^3.0.0
        version: 3.1.2(graphql@16.9.0)
      graphql:
        specifier: ^0.8.0 || ^0.9.0 || ^0.10.0 || ^0.11.0 || ^0.12.0 || ^0.13.0 || ^14.0.0 || ^15.0.0 || ^16.0.0
        version: 16.9.0
      tslib:
        specifier: ~2.6.0
        version: 2.6.3
      yaml:
        specifier: ^1.10.2
        version: 1.10.2
    publishDirectory: dist

packages:

  '@graphql-codegen/plugin-helpers@3.1.2':
    resolution: {integrity: sha512-emOQiHyIliVOIjKVKdsI5MXj312zmRDwmHpyUTZMjfpvxq/UVAHUJIVdVf+lnjjrI+LXBTgMlTWTgHQfmICxjg==}
    peerDependencies:
      graphql: ^0.8.0 || ^0.9.0 || ^0.10.0 || ^0.11.0 || ^0.12.0 || ^0.13.0 || ^14.0.0 || ^15.0.0 || ^16.0.0

  '@graphql-tools/utils@9.2.1':
    resolution: {integrity: sha512-WUw506Ql6xzmOORlriNrD6Ugx+HjVgYxt9KCXD9mHAak+eaXSwuGGPyE60hy9xaDEoXKBsG7SkG69ybitaVl6A==}
    peerDependencies:
      graphql: ^14.0.0 || ^15.0.0 || ^16.0.0 || ^17.0.0

  '@graphql-typed-document-node/core@3.2.0':
    resolution: {integrity: sha512-mB9oAsNCm9aM3/SOv4YtBMqZbYj10R7dkq8byBqxGY/ncFwhf2oQzMV+LCRlWoDSEBJ3COiR1yeDvMtsoOsuFQ==}
    peerDependencies:
      graphql: ^0.8.0 || ^0.9.0 || ^0.10.0 || ^0.11.0 || ^0.12.0 || ^0.13.0 || ^14.0.0 || ^15.0.0 || ^16.0.0 || ^17.0.0

  camel-case@4.1.2:
    resolution: {integrity: sha512-gxGWBrTT1JuMx6R+o5PTXMmUnhnVzLQ9SNutD4YqKtI6ap897t3tKECYla6gCWEkplXnlNybEkZg9GEGxKFCgw==}

  capital-case@1.0.4:
    resolution: {integrity: sha512-ds37W8CytHgwnhGGTi88pcPyR15qoNkOpYwmMMfnWqqWgESapLqvDx6huFjQ5vqWSn2Z06173XNA7LtMOeUh1A==}

  change-case-all@1.0.15:
    resolution: {integrity: sha512-3+GIFhk3sNuvFAJKU46o26OdzudQlPNBCu1ZQi3cMeMHhty1bhDxu2WrEilVNYaGvqUtR1VSigFcJOiS13dRhQ==}

  change-case@4.1.2:
    resolution: {integrity: sha512-bSxY2ws9OtviILG1EiY5K7NNxkqg/JnRnFxLtKQ96JaviiIxi7djMrSd0ECT9AC+lttClmYwKw53BWpOMblo7A==}

  common-tags@1.8.2:
    resolution: {integrity: sha512-gk/Z852D2Wtb//0I+kRFNKKE9dIIVirjoqPoA1wJU+XePVXZfGeBpk45+A1rKO4Q43prqWBNY/MiIeRLbPWUaA==}
    engines: {node: '>=4.0.0'}

  constant-case@3.0.4:
    resolution: {integrity: sha512-I2hSBi7Vvs7BEuJDr5dDHfzb/Ruj3FyvFyh7KLilAjNQw3Be+xgqUBA2W6scVEcL0hL1dwPRtIqEPVUCKkSsyQ==}

  dot-case@3.0.4:
    resolution: {integrity: sha512-Kv5nKlh6yRrdrGvxeJ2e5y2eRUpkUosIW4A2AS38zwSz27zu7ufDwQPi5Jhs3XAlGNetl3bmnGhQsMtkKJnj3w==}

  graphql@16.9.0:
    resolution: {integrity: sha512-GGTKBX4SD7Wdb8mqeDLni2oaRGYQWjWHGKPQ24ZMnUtKfcsVoiv4uX8+LJr1K6U5VW2Lu1BwJnj7uiori0YtRw==}
    engines: {node: ^12.22.0 || ^14.16.0 || ^16.0.0 || >=17.0.0}

  header-case@2.0.4:
    resolution: {integrity: sha512-H/vuk5TEEVZwrR0lp2zed9OCo1uAILMlx0JEMgC26rzyJJ3N1v6XkwHHXJQdR2doSjcGPM6OKPYoJgf0plJ11Q==}

  import-from@4.0.0:
    resolution: {integrity: sha512-P9J71vT5nLlDeV8FHs5nNxaLbrpfAV5cF5srvbZfpwpcJoM/xZR3hiv+q+SAnuSmuGbXMWud063iIMx/V/EWZQ==}
    engines: {node: '>=12.2'}

  is-lower-case@2.0.2:
    resolution: {integrity: sha512-bVcMJy4X5Og6VZfdOZstSexlEy20Sr0k/p/b2IlQJlfdKAQuMpiv5w2Ccxb8sKdRUNAG1PnHVHjFSdRDVS6NlQ==}

  is-upper-case@2.0.2:
    resolution: {integrity: sha512-44pxmxAvnnAOwBg4tHPnkfvgjPwbc5QIsSstNU+YcJ1ovxVzCWpSGosPJOZh/a1tdl81fbgnLc9LLv+x2ywbPQ==}

  lodash@4.17.21:
    resolution: {integrity: sha512-v2kDEe57lecTulaDIuNTPy3Ry4gLGJ6Z1O3vE1krgXZNrsQ+LFTGHVxVjcXPs17LhbZVGedAJv8XZ1tvj5FvSg==}

  lower-case-first@2.0.2:
    resolution: {integrity: sha512-EVm/rR94FJTZi3zefZ82fLWab+GX14LJN4HrWBcuo6Evmsl9hEfnqxgcHCKb9q+mNf6EVdsjx/qucYFIIB84pg==}

  lower-case@2.0.2:
    resolution: {integrity: sha512-7fm3l3NAF9WfN6W3JOmf5drwpVqX78JtoGJ3A6W0a6ZnldM41w2fV5D490psKFTpMds8TJse/eHLFFsNHHjHgg==}

  no-case@3.0.4:
    resolution: {integrity: sha512-fgAN3jGAh+RoxUGZHTSOLJIqUc2wmoBwGR4tbpNAKmmovFoWq0OdRkb0VkldReO2a2iBT/OEulG9XSUc10r3zg==}

  param-case@3.0.4:
    resolution: {integrity: sha512-RXlj7zCYokReqWpOPH9oYivUzLYZ5vAPIfEmCTNViosC78F8F0H9y7T7gG2M39ymgutxF5gcFEsyZQSph9Bp3A==}

  pascal-case@3.1.2:
    resolution: {integrity: sha512-uWlGT3YSnK9x3BQJaOdcZwrnV6hPpd8jFH1/ucpiLRPh/2zCVJKS19E4GvYHvaCcACn3foXZ0cLB9Wrx1KGe5g==}

  path-case@3.0.4:
    resolution: {integrity: sha512-qO4qCFjXqVTrcbPt/hQfhTQ+VhFsqNKOPtytgNKkKxSoEp3XPUQ8ObFuePylOIok5gjn69ry8XiULxCwot3Wfg==}

  sentence-case@3.0.4:
    resolution: {integrity: sha512-8LS0JInaQMCRoQ7YUytAo/xUu5W2XnQxV2HI/6uM6U7CITS1RqPElr30V6uIqyMKM9lJGRVFy5/4CuzcixNYSg==}

  snake-case@3.0.4:
    resolution: {integrity: sha512-LAOh4z89bGQvl9pFfNF8V146i7o7/CqFPbqzYgP+yYzDIDeS9HaNFtXABamRW+AQzEVODcvE79ljJ+8a9YSdMg==}

  sponge-case@1.0.1:
    resolution: {integrity: sha512-dblb9Et4DAtiZ5YSUZHLl4XhH4uK80GhAZrVXdN4O2P4gQ40Wa5UIOPUHlA/nFd2PLblBZWUioLMMAVrgpoYcA==}

  swap-case@2.0.2:
    resolution: {integrity: sha512-kc6S2YS/2yXbtkSMunBtKdah4VFETZ8Oh6ONSmSd9bRxhqTrtARUCBUiWXH3xVPpvR7tz2CSnkuXVE42EcGnMw==}

  title-case@3.0.3:
    resolution: {integrity: sha512-e1zGYRvbffpcHIrnuqT0Dh+gEJtDaxDSoG4JAIpq4oDFyooziLBIiYQv0GBT4FUAnUop5uZ1hiIAj7oAF6sOCA==}

  tslib@2.4.1:
    resolution: {integrity: sha512-tGyy4dAjRIEwI7BzsB0lynWgOpfqjUdq91XXAlIWD2OwKBH7oCl/GZG/HT4BOHrTlPMOASlMQ7veyTqpmRcrNA==}

  tslib@2.6.3:
    resolution: {integrity: sha512-xNvxJEOUiWPGhUuUdQgAJPKOOJfGnIyKySOc09XkKsgdUV/3E2zvwZYdejjmRgPCgcym1juLH3226yA7sEFJKQ==}

  upper-case-first@2.0.2:
    resolution: {integrity: sha512-514ppYHBaKwfJRK/pNC6c/OxfGa0obSnAl106u97Ed0I625Nin96KAjttZF6ZL3e1XLtphxnqrOi9iWgm+u+bg==}

  upper-case@2.0.2:
    resolution: {integrity: sha512-KgdgDGJt2TpuwBUIjgG6lzw2GWFRCW9Qkfkiv0DxqHHLYJHmtmdUIKcZd8rHgFSjopVTlw6ggzCm1b8MFQwikg==}

  yaml@1.10.2:
    resolution: {integrity: sha512-r3vXyErRCYJ7wg28yvBY5VSoAF8ZvlcW9/BwUzEtUsjvX/DKs24dIkuwjtuprwJJHsbyUbLApepYTR1BN4uHrg==}
    engines: {node: '>= 6'}

snapshots:

  '@graphql-codegen/plugin-helpers@3.1.2(graphql@16.9.0)':
    dependencies:
      '@graphql-tools/utils': 9.2.1(graphql@16.9.0)
      change-case-all: 1.0.15
      common-tags: 1.8.2
      graphql: 16.9.0
      import-from: 4.0.0
      lodash: 4.17.21
      tslib: 2.4.1

  '@graphql-tools/utils@9.2.1(graphql@16.9.0)':
    dependencies:
      '@graphql-typed-document-node/core': 3.2.0(graphql@16.9.0)
      graphql: 16.9.0
      tslib: 2.6.3

  '@graphql-typed-document-node/core@3.2.0(graphql@16.9.0)':
    dependencies:
      graphql: 16.9.0

  camel-case@4.1.2:
    dependencies:
      pascal-case: 3.1.2
      tslib: 2.6.3

  capital-case@1.0.4:
    dependencies:
      no-case: 3.0.4
      tslib: 2.6.3
      upper-case-first: 2.0.2

  change-case-all@1.0.15:
    dependencies:
      change-case: 4.1.2
      is-lower-case: 2.0.2
      is-upper-case: 2.0.2
      lower-case: 2.0.2
      lower-case-first: 2.0.2
      sponge-case: 1.0.1
      swap-case: 2.0.2
      title-case: 3.0.3
      upper-case: 2.0.2
      upper-case-first: 2.0.2

  change-case@4.1.2:
    dependencies:
      camel-case: 4.1.2
      capital-case: 1.0.4
      constant-case: 3.0.4
      dot-case: 3.0.4
      header-case: 2.0.4
      no-case: 3.0.4
      param-case: 3.0.4
      pascal-case: 3.1.2
      path-case: 3.0.4
      sentence-case: 3.0.4
      snake-case: 3.0.4
      tslib: 2.6.3

  common-tags@1.8.2: {}

  constant-case@3.0.4:
    dependencies:
      no-case: 3.0.4
      tslib: 2.6.3
      upper-case: 2.0.2

  dot-case@3.0.4:
    dependencies:
      no-case: 3.0.4
      tslib: 2.6.3

  graphql@16.9.0: {}

  header-case@2.0.4:
    dependencies:
      capital-case: 1.0.4
      tslib: 2.6.3

  import-from@4.0.0: {}

  is-lower-case@2.0.2:
    dependencies:
      tslib: 2.6.3

  is-upper-case@2.0.2:
    dependencies:
      tslib: 2.6.3

  lodash@4.17.21: {}

  lower-case-first@2.0.2:
    dependencies:
      tslib: 2.6.3

  lower-case@2.0.2:
    dependencies:
      tslib: 2.6.3

  no-case@3.0.4:
    dependencies:
      lower-case: 2.0.2
      tslib: 2.6.3

  param-case@3.0.4:
    dependencies:
      dot-case: 3.0.4
      tslib: 2.6.3

  pascal-case@3.1.2:
    dependencies:
      no-case: 3.0.4
      tslib: 2.6.3

  path-case@3.0.4:
    dependencies:
      dot-case: 3.0.4
      tslib: 2.6.3

  sentence-case@3.0.4:
    dependencies:
      no-case: 3.0.4
      tslib: 2.6.3
      upper-case-first: 2.0.2

  snake-case@3.0.4:
    dependencies:
      dot-case: 3.0.4
      tslib: 2.6.3

  sponge-case@1.0.1:
    dependencies:
      tslib: 2.6.3

  swap-case@2.0.2:
    dependencies:
      tslib: 2.6.3

  title-case@3.0.3:
    dependencies:
      tslib: 2.6.3

  tslib@2.4.1: {}

  tslib@2.6.3: {}

  upper-case-first@2.0.2:
    dependencies:
      tslib: 2.6.3

  upper-case@2.0.2:
    dependencies:
      tslib: 2.6.3

  yaml@1.10.2: {}
